
Microsoft Visual Studio Solution File, Format Version 12.00
# Visual Studio Version 17
VisualStudioVersion = 17.4.33213.308
MinimumVisualStudioVersion = 10.0.40219.1
Project("{9A19103F-16F7-4668-BE54-9A1E7A4F7556}") = "NugetGeneratorDemo", "NugetGeneratorDemo\NugetGeneratorDemo.csproj", "{140A0ECF-CC1D-4064-BA67-2428E28A8818}"
EndProject
Project("{9A19103F-16F7-4668-BE54-9A1E7A4F7556}") = "SolutionReaderTests", "SolutionReaderTests\SolutionReaderTests.csproj", "{34147157-F48A-40C8-89BF-A77E49E30CE5}"
EndProject
Project("{2150E333-8FDC-42A3-9474-1A3956D46DE8}") = "00-Dependencies", "00-Dependencies", "{8ACBA12E-9562-4AFE-BCDE-9C601E6FE434}"
EndProject
Project("{2150E333-8FDC-42A3-9474-1A3956D46DE8}") = "10-Commons", "10-Commons", "{2124842C-6AF1-4C17-86C0-C40307B6E726}"
EndProject
Project("{2150E333-8FDC-42A3-9474-1A3956D46DE8}") = "20-BLL", "20-BLL", "{D5D8FC02-3579-47D5-ABA6-C22D1D92661B}"
EndProject
Project("{2150E333-8FDC-42A3-9474-1A3956D46DE8}") = "30-VSIX", "30-VSIX", "{DBE594E5-6F94-4971-BAA8-45AE8BAECFAB}"
EndProject
Project("{2150E333-8FDC-42A3-9474-1A3956D46DE8}") = "50-Tests", "50-Tests", "{7F130611-6672-4C86-A45B-99F0084B4C94}"
EndProject
Project("{2150E333-8FDC-42A3-9474-1A3956D46DE8}") = "60-Demos", "60-Demos", "{F9CE8175-0B29-4BDD-80FE-1490B79D5CD8}"
EndProject
Project("{FAE04EC0-301F-11D3-BF4B-00C04F79EFBC}") = "NuGet.Assembly.Versioning.Handler", "NuGet.Assembly.Versioning.Handler\NuGet.Assembly.Versioning.Handler.csproj", "{49331732-FF41-4873-A857-7764CAC4E997}"
EndProject
Project("{9A19103F-16F7-4668-BE54-9A1E7A4F7556}") = "FoxNuGet.CLI", "FoxNuGet.CLI\FoxNuGet.CLI.csproj", "{2B62D34C-10D1-4925-91E9-AAE83851C17D}"
EndProject
Project("{9A19103F-16F7-4668-BE54-9A1E7A4F7556}") = "FoxNuGet.VSVersionService", "FoxNuGet.VSVersionService\FoxNuGet.VSVersionService.csproj", "{4D65BF54-F9A1-4563-815F-CF20649866CF}"
EndProject
Project("{2150E333-8FDC-42A3-9474-1A3956D46DE8}") = "40-Applications", "40-Applications", "{70252FDF-E2E9-40C8-90BF-B831753F4DEA}"
EndProject
Project("{9A19103F-16F7-4668-BE54-9A1E7A4F7556}") = "FoxNuGet.VSNuGet", "FoxNuGet.VSNuGet\FoxNuGet.VSNuGet.csproj", "{5C58415B-0F45-44BE-A3EA-E5E4E4588AF0}"
EndProject
Project("{9A19103F-16F7-4668-BE54-9A1E7A4F7556}") = "FoxNuGet.VSGit", "FoxNuGet.VSGit\FoxNuGet.VSGit.csproj", "{522B8FF5-F719-4A67-9D61-D2806F764828}"
EndProject
Project("{9A19103F-16F7-4668-BE54-9A1E7A4F7556}") = "FoxNuGet.VSSolution", "FoxNuGet.VSSolution\FoxNuGet.VSSolution.csproj", "{343E5198-87DE-4DE5-A7BD-9E9A4D024232}"
EndProject
Project("{9A19103F-16F7-4668-BE54-9A1E7A4F7556}") = "FoxNuGet.VSTools", "FoxNuGet.VSTools\FoxNuGet.VSTools.csproj", "{C9907FB9-A426-4A5D-80E7-C5736BA531D7}"
EndProject
Global
	GlobalSection(SolutionConfigurationPlatforms) = preSolution
		Debug|Any CPU = Debug|Any CPU
		Debug|arm64 = Debug|arm64
		Debug|x86 = Debug|x86
		Release|Any CPU = Release|Any CPU
		Release|arm64 = Release|arm64
		Release|x86 = Release|x86
	EndGlobalSection
	GlobalSection(ProjectConfigurationPlatforms) = postSolution
		{140A0ECF-CC1D-4064-BA67-2428E28A8818}.Debug|Any CPU.ActiveCfg = Debug|Any CPU
		{140A0ECF-CC1D-4064-BA67-2428E28A8818}.Debug|Any CPU.Build.0 = Debug|Any CPU
		{140A0ECF-CC1D-4064-BA67-2428E28A8818}.Debug|arm64.ActiveCfg = Debug|Any CPU
		{140A0ECF-CC1D-4064-BA67-2428E28A8818}.Debug|arm64.Build.0 = Debug|Any CPU
		{140A0ECF-CC1D-4064-BA67-2428E28A8818}.Debug|x86.ActiveCfg = Debug|Any CPU
		{140A0ECF-CC1D-4064-BA67-2428E28A8818}.Debug|x86.Build.0 = Debug|Any CPU
		{140A0ECF-CC1D-4064-BA67-2428E28A8818}.Release|Any CPU.ActiveCfg = Release|Any CPU
		{140A0ECF-CC1D-4064-BA67-2428E28A8818}.Release|Any CPU.Build.0 = Release|Any CPU
		{140A0ECF-CC1D-4064-BA67-2428E28A8818}.Release|arm64.ActiveCfg = Release|Any CPU
		{140A0ECF-CC1D-4064-BA67-2428E28A8818}.Release|arm64.Build.0 = Release|Any CPU
		{140A0ECF-CC1D-4064-BA67-2428E28A8818}.Release|x86.ActiveCfg = Release|Any CPU
		{140A0ECF-CC1D-4064-BA67-2428E28A8818}.Release|x86.Build.0 = Release|Any CPU
		{34147157-F48A-40C8-89BF-A77E49E30CE5}.Debug|Any CPU.ActiveCfg = Debug|Any CPU
		{34147157-F48A-40C8-89BF-A77E49E30CE5}.Debug|Any CPU.Build.0 = Debug|Any CPU
		{34147157-F48A-40C8-89BF-A77E49E30CE5}.Debug|arm64.ActiveCfg = Debug|Any CPU
		{34147157-F48A-40C8-89BF-A77E49E30CE5}.Debug|arm64.Build.0 = Debug|Any CPU
		{34147157-F48A-40C8-89BF-A77E49E30CE5}.Debug|x86.ActiveCfg = Debug|Any CPU
		{34147157-F48A-40C8-89BF-A77E49E30CE5}.Debug|x86.Build.0 = Debug|Any CPU
		{34147157-F48A-40C8-89BF-A77E49E30CE5}.Release|Any CPU.ActiveCfg = Release|Any CPU
		{34147157-F48A-40C8-89BF-A77E49E30CE5}.Release|Any CPU.Build.0 = Release|Any CPU
		{34147157-F48A-40C8-89BF-A77E49E30CE5}.Release|arm64.ActiveCfg = Release|Any CPU
		{34147157-F48A-40C8-89BF-A77E49E30CE5}.Release|arm64.Build.0 = Release|Any CPU
		{34147157-F48A-40C8-89BF-A77E49E30CE5}.Release|x86.ActiveCfg = Release|Any CPU
		{34147157-F48A-40C8-89BF-A77E49E30CE5}.Release|x86.Build.0 = Release|Any CPU
		{49331732-FF41-4873-A857-7764CAC4E997}.Debug|Any CPU.ActiveCfg = Debug|Any CPU
		{49331732-FF41-4873-A857-7764CAC4E997}.Debug|Any CPU.Build.0 = Debug|Any CPU
		{49331732-FF41-4873-A857-7764CAC4E997}.Debug|arm64.ActiveCfg = Debug|arm64
		{49331732-FF41-4873-A857-7764CAC4E997}.Debug|arm64.Build.0 = Debug|arm64
		{49331732-FF41-4873-A857-7764CAC4E997}.Debug|x86.ActiveCfg = Debug|x86
		{49331732-FF41-4873-A857-7764CAC4E997}.Debug|x86.Build.0 = Debug|x86
		{49331732-FF41-4873-A857-7764CAC4E997}.Release|Any CPU.ActiveCfg = Release|Any CPU
		{49331732-FF41-4873-A857-7764CAC4E997}.Release|Any CPU.Build.0 = Release|Any CPU
		{49331732-FF41-4873-A857-7764CAC4E997}.Release|arm64.ActiveCfg = Release|arm64
		{49331732-FF41-4873-A857-7764CAC4E997}.Release|arm64.Build.0 = Release|arm64
		{49331732-FF41-4873-A857-7764CAC4E997}.Release|x86.ActiveCfg = Release|x86
		{49331732-FF41-4873-A857-7764CAC4E997}.Release|x86.Build.0 = Release|x86
		{2B62D34C-10D1-4925-91E9-AAE83851C17D}.Debug|Any CPU.ActiveCfg = Debug|Any CPU
		{2B62D34C-10D1-4925-91E9-AAE83851C17D}.Debug|Any CPU.Build.0 = Debug|Any CPU
		{2B62D34C-10D1-4925-91E9-AAE83851C17D}.Debug|arm64.ActiveCfg = Debug|Any CPU
		{2B62D34C-10D1-4925-91E9-AAE83851C17D}.Debug|arm64.Build.0 = Debug|Any CPU
		{2B62D34C-10D1-4925-91E9-AAE83851C17D}.Debug|x86.ActiveCfg = Debug|Any CPU
		{2B62D34C-10D1-4925-91E9-AAE83851C17D}.Debug|x86.Build.0 = Debug|Any CPU
		{2B62D34C-10D1-4925-91E9-AAE83851C17D}.Release|Any CPU.ActiveCfg = Release|Any CPU
		{2B62D34C-10D1-4925-91E9-AAE83851C17D}.Release|Any CPU.Build.0 = Release|Any CPU
		{2B62D34C-10D1-4925-91E9-AAE83851C17D}.Release|arm64.ActiveCfg = Release|Any CPU
		{2B62D34C-10D1-4925-91E9-AAE83851C17D}.Release|arm64.Build.0 = Release|Any CPU
		{2B62D34C-10D1-4925-91E9-AAE83851C17D}.Release|x86.ActiveCfg = Release|Any CPU
		{2B62D34C-10D1-4925-91E9-AAE83851C17D}.Release|x86.Build.0 = Release|Any CPU
		{4D65BF54-F9A1-4563-815F-CF20649866CF}.Debug|Any CPU.ActiveCfg = Debug|Any CPU
		{4D65BF54-F9A1-4563-815F-CF20649866CF}.Debug|Any CPU.Build.0 = Debug|Any CPU
		{4D65BF54-F9A1-4563-815F-CF20649866CF}.Debug|arm64.ActiveCfg = Debug|Any CPU
		{4D65BF54-F9A1-4563-815F-CF20649866CF}.Debug|arm64.Build.0 = Debug|Any CPU
		{4D65BF54-F9A1-4563-815F-CF20649866CF}.Debug|x86.ActiveCfg = Debug|Any CPU
		{4D65BF54-F9A1-4563-815F-CF20649866CF}.Debug|x86.Build.0 = Debug|Any CPU
		{4D65BF54-F9A1-4563-815F-CF20649866CF}.Release|Any CPU.ActiveCfg = Release|Any CPU
		{4D65BF54-F9A1-4563-815F-CF20649866CF}.Release|Any CPU.Build.0 = Release|Any CPU
		{4D65BF54-F9A1-4563-815F-CF20649866CF}.Release|arm64.ActiveCfg = Release|Any CPU
		{4D65BF54-F9A1-4563-815F-CF20649866CF}.Release|arm64.Build.0 = Release|Any CPU
		{4D65BF54-F9A1-4563-815F-CF20649866CF}.Release|x86.ActiveCfg = Release|Any CPU
		{4D65BF54-F9A1-4563-815F-CF20649866CF}.Release|x86.Build.0 = Release|Any CPU
		{5C58415B-0F45-44BE-A3EA-E5E4E4588AF0}.Debug|Any CPU.ActiveCfg = Debug|Any CPU
		{5C58415B-0F45-44BE-A3EA-E5E4E4588AF0}.Debug|Any CPU.Build.0 = Debug|Any CPU
		{5C58415B-0F45-44BE-A3EA-E5E4E4588AF0}.Debug|arm64.ActiveCfg = Debug|Any CPU
		{5C58415B-0F45-44BE-A3EA-E5E4E4588AF0}.Debug|arm64.Build.0 = Debug|Any CPU
		{5C58415B-0F45-44BE-A3EA-E5E4E4588AF0}.Debug|x86.ActiveCfg = Debug|Any CPU
		{5C58415B-0F45-44BE-A3EA-E5E4E4588AF0}.Debug|x86.Build.0 = Debug|Any CPU
		{5C58415B-0F45-44BE-A3EA-E5E4E4588AF0}.Release|Any CPU.ActiveCfg = Release|Any CPU
		{5C58415B-0F45-44BE-A3EA-E5E4E4588AF0}.Release|Any CPU.Build.0 = Release|Any CPU
		{5C58415B-0F45-44BE-A3EA-E5E4E4588AF0}.Release|arm64.ActiveCfg = Release|Any CPU
		{5C58415B-0F45-44BE-A3EA-E5E4E4588AF0}.Release|arm64.Build.0 = Release|Any CPU
		{5C58415B-0F45-44BE-A3EA-E5E4E4588AF0}.Release|x86.ActiveCfg = Release|Any CPU
		{5C58415B-0F45-44BE-A3EA-E5E4E4588AF0}.Release|x86.Build.0 = Release|Any CPU
		{522B8FF5-F719-4A67-9D61-D2806F764828}.Debug|Any CPU.ActiveCfg = Debug|Any CPU
		{522B8FF5-F719-4A67-9D61-D2806F764828}.Debug|Any CPU.Build.0 = Debug|Any CPU
		{522B8FF5-F719-4A67-9D61-D2806F764828}.Debug|arm64.ActiveCfg = Debug|Any CPU
		{522B8FF5-F719-4A67-9D61-D2806F764828}.Debug|arm64.Build.0 = Debug|Any CPU
		{522B8FF5-F719-4A67-9D61-D2806F764828}.Debug|x86.ActiveCfg = Debug|Any CPU
		{522B8FF5-F719-4A67-9D61-D2806F764828}.Debug|x86.Build.0 = Debug|Any CPU
		{522B8FF5-F719-4A67-9D61-D2806F764828}.Release|Any CPU.ActiveCfg = Release|Any CPU
		{522B8FF5-F719-4A67-9D61-D2806F764828}.Release|Any CPU.Build.0 = Release|Any CPU
		{522B8FF5-F719-4A67-9D61-D2806F764828}.Release|arm64.ActiveCfg = Release|Any CPU
		{522B8FF5-F719-4A67-9D61-D2806F764828}.Release|arm64.Build.0 = Release|Any CPU
		{522B8FF5-F719-4A67-9D61-D2806F764828}.Release|x86.ActiveCfg = Release|Any CPU
		{522B8FF5-F719-4A67-9D61-D2806F764828}.Release|x86.Build.0 = Release|Any CPU
		{343E5198-87DE-4DE5-A7BD-9E9A4D024232}.Debug|Any CPU.ActiveCfg = Debug|Any CPU
		{343E5198-87DE-4DE5-A7BD-9E9A4D024232}.Debug|Any CPU.Build.0 = Debug|Any CPU
		{343E5198-87DE-4DE5-A7BD-9E9A4D024232}.Debug|arm64.ActiveCfg = Debug|Any CPU
		{343E5198-87DE-4DE5-A7BD-9E9A4D024232}.Debug|arm64.Build.0 = Debug|Any CPU
		{343E5198-87DE-4DE5-A7BD-9E9A4D024232}.Debug|x86.ActiveCfg = Debug|Any CPU
		{343E5198-87DE-4DE5-A7BD-9E9A4D024232}.Debug|x86.Build.0 = Debug|Any CPU
		{343E5198-87DE-4DE5-A7BD-9E9A4D024232}.Release|Any CPU.ActiveCfg = Release|Any CPU
		{343E5198-87DE-4DE5-A7BD-9E9A4D024232}.Release|Any CPU.Build.0 = Release|Any CPU
		{343E5198-87DE-4DE5-A7BD-9E9A4D024232}.Release|arm64.ActiveCfg = Release|Any CPU
		{343E5198-87DE-4DE5-A7BD-9E9A4D024232}.Release|arm64.Build.0 = Release|Any CPU
		{343E5198-87DE-4DE5-A7BD-9E9A4D024232}.Release|x86.ActiveCfg = Release|Any CPU
		{343E5198-87DE-4DE5-A7BD-9E9A4D024232}.Release|x86.Build.0 = Release|Any CPU
		{C9907FB9-A426-4A5D-80E7-C5736BA531D7}.Debug|Any CPU.ActiveCfg = Debug|Any CPU
		{C9907FB9-A426-4A5D-80E7-C5736BA531D7}.Debug|Any CPU.Build.0 = Debug|Any CPU
		{C9907FB9-A426-4A5D-80E7-C5736BA531D7}.Debug|arm64.ActiveCfg = Debug|Any CPU
		{C9907FB9-A426-4A5D-80E7-C5736BA531D7}.Debug|arm64.Build.0 = Debug|Any CPU
		{C9907FB9-A426-4A5D-80E7-C5736BA531D7}.Debug|x86.ActiveCfg = Debug|Any CPU
		{C9907FB9-A426-4A5D-80E7-C5736BA531D7}.Debug|x86.Build.0 = Debug|Any CPU
		{C9907FB9-A426-4A5D-80E7-C5736BA531D7}.Release|Any CPU.ActiveCfg = Release|Any CPU
		{C9907FB9-A426-4A5D-80E7-C5736BA531D7}.Release|Any CPU.Build.0 = Release|Any CPU
		{C9907FB9-A426-4A5D-80E7-C5736BA531D7}.Release|arm64.ActiveCfg = Release|Any CPU
		{C9907FB9-A426-4A5D-80E7-C5736BA531D7}.Release|arm64.Build.0 = Release|Any CPU
		{C9907FB9-A426-4A5D-80E7-C5736BA531D7}.Release|x86.ActiveCfg = Release|Any CPU
		{C9907FB9-A426-4A5D-80E7-C5736BA531D7}.Release|x86.Build.0 = Release|Any CPU
	EndGlobalSection
	GlobalSection(SolutionProperties) = preSolution
		HideSolutionNode = FALSE
	EndGlobalSection
	GlobalSection(NestedProjects) = preSolution
		{140A0ECF-CC1D-4064-BA67-2428E28A8818} = {F9CE8175-0B29-4BDD-80FE-1490B79D5CD8}
		{34147157-F48A-40C8-89BF-A77E49E30CE5} = {7F130611-6672-4C86-A45B-99F0084B4C94}
		{49331732-FF41-4873-A857-7764CAC4E997} = {DBE594E5-6F94-4971-BAA8-45AE8BAECFAB}
		{2B62D34C-10D1-4925-91E9-AAE83851C17D} = {70252FDF-E2E9-40C8-90BF-B831753F4DEA}
		{4D65BF54-F9A1-4563-815F-CF20649866CF} = {D5D8FC02-3579-47D5-ABA6-C22D1D92661B}
		{5C58415B-0F45-44BE-A3EA-E5E4E4588AF0} = {2124842C-6AF1-4C17-86C0-C40307B6E726}
		{522B8FF5-F719-4A67-9D61-D2806F764828} = {2124842C-6AF1-4C17-86C0-C40307B6E726}
		{343E5198-87DE-4DE5-A7BD-9E9A4D024232} = {2124842C-6AF1-4C17-86C0-C40307B6E726}
		{C9907FB9-A426-4A5D-80E7-C5736BA531D7} = {2124842C-6AF1-4C17-86C0-C40307B6E726}
	EndGlobalSection
	GlobalSection(ExtensibilityGlobals) = postSolution
		SolutionGuid = {1D37961F-EE8E-49A5-B198-1BB1651F34DB}
	EndGlobalSection
EndGlobal
